
Microsoft Visual Studio Solution File, Format Version 12.00
# Visual Studio 15
VisualStudioVersion = 15.0.28010.2041
MinimumVisualStudioVersion = 10.0.40219.1
Project("{FAE04EC0-301F-11D3-BF4B-00C04F79EFBC}") = "CRUD-AdventureWorksDepartamentos", "CRUD-AdventureWorksDepartamentos\CRUD-AdventureWorksDepartamentos.csproj", "{6AFE5942-DC1D-4960-BDD9-F8C034E28298}"
EndProject
Global
	GlobalSection(SolutionConfigurationPlatforms) = preSolution
		Debug|Any CPU = Debug|Any CPU
		Release|Any CPU = Release|Any CPU
	EndGlobalSection
	GlobalSection(ProjectConfigurationPlatforms) = postSolution
		{6AFE5942-DC1D-4960-BDD9-F8C034E28298}.Debug|Any CPU.ActiveCfg = Debug|Any CPU
		{6AFE5942-DC1D-4960-BDD9-F8C034E28298}.Debug|Any CPU.Build.0 = Debug|Any CPU
		{6AFE5942-DC1D-4960-BDD9-F8C034E28298}.Release|Any CPU.ActiveCfg = Release|Any CPU
		{6AFE5942-DC1D-4960-BDD9-F8C034E28298}.Release|Any CPU.Build.0 = Release|Any CPU
	EndGlobalSection
	GlobalSection(SolutionProperties) = preSolution
		HideSolutionNode = FALSE
	EndGlobalSection
	GlobalSection(ExtensibilityGlobals) = postSolution
		SolutionGuid = {9C4B446A-D23F-401A-9242-4F052ABA01E3}
	EndGlobalSection
EndGlobal
